
Microsoft Visual Studio Solution File, Format Version 12.00
# Visual Studio Version 16
VisualStudioVersion = 16.0.32510.428
MinimumVisualStudioVersion = 10.0.40219.1
Project("{FAE04EC0-301F-11D3-BF4B-00C04F79EFBC}") = "winform-app", "winform-app\winform-app.csproj", "{8E4E7DBD-3D0B-49E7-8F1F-E57290C37189}"
EndProject
Project("{FAE04EC0-301F-11D3-BF4B-00C04F79EFBC}") = "dominio", "dominio\dominio.csproj", "{3E32BF38-646F-4396-8E7D-A828356D0238}"
EndProject
Project("{FAE04EC0-301F-11D3-BF4B-00C04F79EFBC}") = "negocio", "negocio\negocio.csproj", "{A6273E4A-A42B-4250-BA2D-5897240C1DC4}"
EndProject
Global
	GlobalSection(SolutionConfigurationPlatforms) = preSolution
		Debug|Any CPU = Debug|Any CPU
		Release|Any CPU = Release|Any CPU
	EndGlobalSection
	GlobalSection(ProjectConfigurationPlatforms) = postSolution
		{8E4E7DBD-3D0B-49E7-8F1F-E57290C37189}.Debug|Any CPU.ActiveCfg = Debug|Any CPU
		{8E4E7DBD-3D0B-49E7-8F1F-E57290C37189}.Debug|Any CPU.Build.0 = Debug|Any CPU
		{8E4E7DBD-3D0B-49E7-8F1F-E57290C37189}.Release|Any CPU.ActiveCfg = Release|Any CPU
		{8E4E7DBD-3D0B-49E7-8F1F-E57290C37189}.Release|Any CPU.Build.0 = Release|Any CPU
		{3E32BF38-646F-4396-8E7D-A828356D0238}.Debug|Any CPU.ActiveCfg = Debug|Any CPU
		{3E32BF38-646F-4396-8E7D-A828356D0238}.Debug|Any CPU.Build.0 = Debug|Any CPU
		{3E32BF38-646F-4396-8E7D-A828356D0238}.Release|Any CPU.ActiveCfg = Release|Any CPU
		{3E32BF38-646F-4396-8E7D-A828356D0238}.Release|Any CPU.Build.0 = Release|Any CPU
		{A6273E4A-A42B-4250-BA2D-5897240C1DC4}.Debug|Any CPU.ActiveCfg = Debug|Any CPU
		{A6273E4A-A42B-4250-BA2D-5897240C1DC4}.Debug|Any CPU.Build.0 = Debug|Any CPU
		{A6273E4A-A42B-4250-BA2D-5897240C1DC4}.Release|Any CPU.ActiveCfg = Release|Any CPU
		{A6273E4A-A42B-4250-BA2D-5897240C1DC4}.Release|Any CPU.Build.0 = Release|Any CPU
	EndGlobalSection
	GlobalSection(SolutionProperties) = preSolution
		HideSolutionNode = FALSE
	EndGlobalSection
	GlobalSection(ExtensibilityGlobals) = postSolution
		SolutionGuid = {5AA41C09-9DF9-46E8-A301-49C1E1C31031}
	EndGlobalSection
EndGlobal
